{
  "name": "amphtml-validator",
  "version": "1.0.5",
  "lockfileVersion": 1,
  "requires": true,
  "dependencies": {
    "@types/mocha": {
      "version": "7.0.1",
      "resolved": "https://registry.npmjs.org/@types/mocha/-/mocha-7.0.1.tgz",
      "integrity": "sha512-L/Nw/2e5KUaprNJoRA33oly+M8X8n0K+FwLTbYqwTcR14wdPWeRkigBLfSFpN/Asf9ENZTMZwLxjtjeYucAA4Q==",
      "dev": true
    },
    "@types/node": {
      "version": "12.12.26",
      "resolved": "https://registry.npmjs.org/@types/node/-/node-12.12.26.tgz",
      "integrity": "sha512-UmUm94/QZvU5xLcUlNR8hA7Ac+fGpO1EG/a8bcWVz0P0LqtxFmun9Y2bbtuckwGboWJIT70DoWq1r3hb56n3DA==",
      "dev": true
    },
    "typescript": {
      "version": "3.7.5",
      "resolved": "https://registry.npmjs.org/typescript/-/typescript-3.7.5.tgz",
      "integrity": "sha512-/P5lkRXkWHNAbcJIiHPfRoKqyd7bsyCma1hZNUGfn20qm64T6ZBlrzprymeu918H+mB/0rIg2gGK/BXkhhYgBw==",
      "dev": true
    }
  }
}
